
Microsoft Visual Studio Solution File, Format Version 12.00
# Visual Studio 15
VisualStudioVersion = 15.0.28307.1401
MinimumVisualStudioVersion = 10.0.40219.1
Project("{888888A0-9F3D-457C-B088-3A5042F75D52}") = "8_march", "8_march\8_march.pyproj", "{B775DEF5-4A85-466F-BE1F-EE826D316BAE}"
EndProject
Global
	GlobalSection(SolutionConfigurationPlatforms) = preSolution
		Debug|Any CPU = Debug|Any CPU
		Release|Any CPU = Release|Any CPU
	EndGlobalSection
	GlobalSection(ProjectConfigurationPlatforms) = postSolution
		{B775DEF5-4A85-466F-BE1F-EE826D316BAE}.Debug|Any CPU.ActiveCfg = Debug|Any CPU
		{B775DEF5-4A85-466F-BE1F-EE826D316BAE}.Release|Any CPU.ActiveCfg = Release|Any CPU
	EndGlobalSection
	GlobalSection(SolutionProperties) = preSolution
		HideSolutionNode = FALSE
	EndGlobalSection
	GlobalSection(ExtensibilityGlobals) = postSolution
		SolutionGuid = {6C947B29-8C38-4CE7-BF1E-BDE8A7916A06}
	EndGlobalSection
EndGlobal
